// !$*UTF8*$!
{
	archiveVersion = 1;
	classes = {
	};
	objectVersion = 50;
	objects = {

/* Begin PBXBuildFile section */
		2FBE6B4620E4F6E0008DCF6C /* AppDelegate.swift in Sources */ = {isa = PBXBuildFile; fileRef = 2FBE6B4520E4F6E0008DCF6C /* AppDelegate.swift */; };
		2FBE6B4820E4F6E0008DCF6C /* GraphViewController.swift in Sources */ = {isa = PBXBuildFile; fileRef = 2FBE6B4720E4F6E0008DCF6C /* GraphViewController.swift */; };
		2FBE6B4D20E4F6E2008DCF6C /* Assets.xcassets in Resources */ = {isa = PBXBuildFile; fileRef = 2FBE6B4C20E4F6E2008DCF6C /* Assets.xcassets */; };
		2FBE6B5020E4F6E2008DCF6C /* LaunchScreen.storyboard in Resources */ = {isa = PBXBuildFile; fileRef = 2FBE6B4E20E4F6E2008DCF6C /* LaunchScreen.storyboard */; };
		A3816759F693254348253204 /* Pods_MyFirstIOSProject.framework in Frameworks */ = {isa = PBXBuildFile; fileRef = 2C960F9021ECAF47A91A1C1A /* Pods_MyFirstIOSProject.framework */; };
		A8C6457020E6801B00F23BC2 /* GraphDataSource.swift in Sources */ = {isa = PBXBuildFile; fileRef = A8C6456F20E6801B00F23BC2 /* GraphDataSource.swift */; };
		A8C6457220E6841200F23BC2 /* GraphPresenter.swift in Sources */ = {isa = PBXBuildFile; fileRef = A8C6457120E6841200F23BC2 /* GraphPresenter.swift */; };
/* End PBXBuildFile section */

/* Begin PBXFileReference section */
		2C960F9021ECAF47A91A1C1A /* Pods_MyFirstIOSProject.framework */ = {isa = PBXFileReference; explicitFileType = wrapper.framework; includeInIndex = 0; path = Pods_MyFirstIOSProject.framework; sourceTree = BUILT_PRODUCTS_DIR; };
		2FBE6B4220E4F6E0008DCF6C /* MyFirstIOSProject.app */ = {isa = PBXFileReference; explicitFileType = wrapper.application; includeInIndex = 0; path = MyFirstIOSProject.app; sourceTree = BUILT_PRODUCTS_DIR; };
		2FBE6B4520E4F6E0008DCF6C /* AppDelegate.swift */ = {isa = PBXFileReference; lastKnownFileType = sourcecode.swift; path = AppDelegate.swift; sourceTree = "<group>"; };
		2FBE6B4720E4F6E0008DCF6C /* GraphViewController.swift */ = {isa = PBXFileReference; lastKnownFileType = sourcecode.swift; path = GraphViewController.swift; sourceTree = "<group>"; };
		2FBE6B4C20E4F6E2008DCF6C /* Assets.xcassets */ = {isa = PBXFileReference; lastKnownFileType = folder.assetcatalog; path = Assets.xcassets; sourceTree = "<group>"; };
		2FBE6B4F20E4F6E2008DCF6C /* Base */ = {isa = PBXFileReference; lastKnownFileType = file.storyboard; name = Base; path = Base.lproj/LaunchScreen.storyboard; sourceTree = "<group>"; };
		2FBE6B5120E4F6E2008DCF6C /* Info.plist */ = {isa = PBXFileReference; lastKnownFileType = text.plist.xml; path = Info.plist; sourceTree = "<group>"; };
		7BD4326E3BDFC8ABAF193862 /* Pods-MyFirstIOSProject.release.xcconfig */ = {isa = PBXFileReference; includeInIndex = 1; lastKnownFileType = text.xcconfig; name = "Pods-MyFirstIOSProject.release.xcconfig"; path = "Pods/Target Support Files/Pods-MyFirstIOSProject/Pods-MyFirstIOSProject.release.xcconfig"; sourceTree = "<group>"; };
		8C46CBF5F62B51EB2EB98986 /* Pods-MyFirstIOSProject.debug.xcconfig */ = {isa = PBXFileReference; includeInIndex = 1; lastKnownFileType = text.xcconfig; name = "Pods-MyFirstIOSProject.debug.xcconfig"; path = "Pods/Target Support Files/Pods-MyFirstIOSProject/Pods-MyFirstIOSProject.debug.xcconfig"; sourceTree = "<group>"; };
		A8C6456F20E6801B00F23BC2 /* GraphDataSource.swift */ = {isa = PBXFileReference; lastKnownFileType = sourcecode.swift; path = GraphDataSource.swift; sourceTree = "<group>"; };
		A8C6457120E6841200F23BC2 /* GraphPresenter.swift */ = {isa = PBXFileReference; lastKnownFileType = sourcecode.swift; path = GraphPresenter.swift; sourceTree = "<group>"; };
/* End PBXFileReference section */

/* Begin PBXFrameworksBuildPhase section */
		2FBE6B3F20E4F6E0008DCF6C /* Frameworks */ = {
			isa = PBXFrameworksBuildPhase;
			buildActionMask = 2147483647;
			files = (
				A3816759F693254348253204 /* Pods_MyFirstIOSProject.framework in Frameworks */,
			);
			runOnlyForDeploymentPostprocessing = 0;
		};
/* End PBXFrameworksBuildPhase section */

/* Begin PBXGroup section */
		1776B07C8F52EFA3D9528092 /* Pods */ = {
			isa = PBXGroup;
			children = (
				8C46CBF5F62B51EB2EB98986 /* Pods-MyFirstIOSProject.debug.xcconfig */,
				7BD4326E3BDFC8ABAF193862 /* Pods-MyFirstIOSProject.release.xcconfig */,
			);
			name = Pods;
			sourceTree = "<group>";
		};
		2FBE6B3920E4F6E0008DCF6C = {
			isa = PBXGroup;
			children = (
				2FBE6B4420E4F6E0008DCF6C /* MyFirstIOSProject */,
				2FBE6B4320E4F6E0008DCF6C /* Products */,
				1776B07C8F52EFA3D9528092 /* Pods */,
				71A7DE25723724334B73BCB5 /* Frameworks */,
			);
			sourceTree = "<group>";
		};
		2FBE6B4320E4F6E0008DCF6C /* Products */ = {
			isa = PBXGroup;
			children = (
				2FBE6B4220E4F6E0008DCF6C /* MyFirstIOSProject.app */,
			);
			name = Products;
			sourceTree = "<group>";
		};
		2FBE6B4420E4F6E0008DCF6C /* MyFirstIOSProject */ = {
			isa = PBXGroup;
			children = (
				2FBE6B4520E4F6E0008DCF6C /* AppDelegate.swift */,
				2FBE6B4720E4F6E0008DCF6C /* GraphViewController.swift */,
				2FBE6B4C20E4F6E2008DCF6C /* Assets.xcassets */,
				2FBE6B4E20E4F6E2008DCF6C /* LaunchScreen.storyboard */,
				2FBE6B5120E4F6E2008DCF6C /* Info.plist */,
				A8C6456F20E6801B00F23BC2 /* GraphDataSource.swift */,
				A8C6457120E6841200F23BC2 /* GraphPresenter.swift */,
			);
			path = MyFirstIOSProject;
			sourceTree = "<group>";
		};
		71A7DE25723724334B73BCB5 /* Frameworks */ = {
			isa = PBXGroup;
			children = (
				2C960F9021ECAF47A91A1C1A /* Pods_MyFirstIOSProject.framework */,
			);
			name = Frameworks;
			sourceTree = "<group>";
		};
/* End PBXGroup section */

/* Begin PBXNativeTarget section */
		2FBE6B4120E4F6E0008DCF6C /* MyFirstIOSProject */ = {
			isa = PBXNativeTarget;
			buildConfigurationList = 2FBE6B5420E4F6E2008DCF6C /* Build configuration list for PBXNativeTarget "MyFirstIOSProject" */;
			buildPhases = (
				2F63801252CB8C7F2109F5E7 /* [CP] Check Pods Manifest.lock */,
				2FBE6B3E20E4F6E0008DCF6C /* Sources */,
				2FBE6B3F20E4F6E0008DCF6C /* Frameworks */,
				2FBE6B4020E4F6E0008DCF6C /* Resources */,
				8BD00637CA6A7C3DE87CA78E /* [CP] Embed Pods Frameworks */,
			);
			buildRules = (
			);
			dependencies = (
			);
			name = MyFirstIOSProject;
			productName = MyFirstIOSProject;
			productReference = 2FBE6B4220E4F6E0008DCF6C /* MyFirstIOSProject.app */;
			productType = "com.apple.product-type.application";
		};
/* End PBXNativeTarget section */

/* Begin PBXProject section */
		2FBE6B3A20E4F6E0008DCF6C /* Project object */ = {
			isa = PBXProject;
			attributes = {
				LastSwiftUpdateCheck = 0940;
				LastUpgradeCheck = 0940;
				ORGANIZATIONNAME = "Andrei Kirilenko";
				TargetAttributes = {
					2FBE6B4120E4F6E0008DCF6C = {
						CreatedOnToolsVersion = 9.4.1;
					};
				};
			};
			buildConfigurationList = 2FBE6B3D20E4F6E0008DCF6C /* Build configuration list for PBXProject "MyFirstIOSProject" */;
			compatibilityVersion = "Xcode 9.3";
			developmentRegion = en;
			hasScannedForEncodings = 0;
			knownRegions = (
				en,
				Base,
			);
			mainGroup = 2FBE6B3920E4F6E0008DCF6C;
			productRefGroup = 2FBE6B4320E4F6E0008DCF6C /* Products */;
			projectDirPath = "";
			projectRoot = "";
			targets = (
				2FBE6B4120E4F6E0008DCF6C /* MyFirstIOSProject */,
			);
		};
/* End PBXProject section */

/* Begin PBXResourcesBuildPhase section */
		2FBE6B4020E4F6E0008DCF6C /* Resources */ = {
			isa = PBXResourcesBuildPhase;
			buildActionMask = 2147483647;
			files = (
				2FBE6B5020E4F6E2008DCF6C /* LaunchScreen.storyboard in Resources */,
				2FBE6B4D20E4F6E2008DCF6C /* Assets.xcassets in Resources */,
			);
			runOnlyForDeploymentPostprocessing = 0;
		};
/* End PBXResourcesBuildPhase section */

/* Begin PBXShellScriptBuildPhase section */
		2F63801252CB8C7F2109F5E7 /* [CP] Check Pods Manifest.lock */ = {
			isa = PBXShellScriptBuildPhase;
			buildActionMask = 2147483647;
			files = (
			);
			inputPaths = (
				"${PODS_PODFILE_DIR_PATH}/Podfile.lock",
				"${PODS_ROOT}/Manifest.lock",
			);
			name = "[CP] Check Pods Manifest.lock";
			outputPaths = (
				"$(DERIVED_FILE_DIR)/Pods-MyFirstIOSProject-checkManifestLockResult.txt",
			);
			runOnlyForDeploymentPostprocessing = 0;
			shellPath = /bin/sh;
			shellScript = "diff \"${PODS_PODFILE_DIR_PATH}/Podfile.lock\" \"${PODS_ROOT}/Manifest.lock\" > /dev/null\nif [ $? != 0 ] ; then\n    # print error to STDERR\n    echo \"error: The sandbox is not in sync with the Podfile.lock. Run 'pod install' or update your CocoaPods installation.\" >&2\n    exit 1\nfi\n# This output is used by Xcode 'outputs' to avoid re-running this script phase.\necho \"SUCCESS\" > \"${SCRIPT_OUTPUT_FILE_0}\"\n";
			showEnvVarsInLog = 0;
		};
		8BD00637CA6A7C3DE87CA78E /* [CP] Embed Pods Frameworks */ = {
			isa = PBXShellScriptBuildPhase;
			buildActionMask = 2147483647;
			files = (
			);
			inputPaths = (
				"${SRCROOT}/Pods/Target Support Files/Pods-MyFirstIOSProject/Pods-MyFirstIOSProject-frameworks.sh",
				"${BUILT_PRODUCTS_DIR}/PureLayout/PureLayout.framework",
			);
			name = "[CP] Embed Pods Frameworks";
			outputPaths = (
				"${TARGET_BUILD_DIR}/${FRAMEWORKS_FOLDER_PATH}/PureLayout.framework",
			);
			runOnlyForDeploymentPostprocessing = 0;
			shellPath = /bin/sh;
			shellScript = "\"${SRCROOT}/Pods/Target Support Files/Pods-MyFirstIOSProject/Pods-MyFirstIOSProject-frameworks.sh\"\n";
			showEnvVarsInLog = 0;
		};
/* End PBXShellScriptBuildPhase section */

/* Begin PBXSourcesBuildPhase section */
		2FBE6B3E20E4F6E0008DCF6C /* Sources */ = {
			isa = PBXSourcesBuildPhase;
			buildActionMask = 2147483647;
			files = (
				2FBE6B4820E4F6E0008DCF6C /* GraphViewController.swift in Sources */,
				A8C6457220E6841200F23BC2 /* GraphPresenter.swift in Sources */,
				2FBE6B4620E4F6E0008DCF6C /* AppDelegate.swift in Sources */,
				A8C6457020E6801B00F23BC2 /* GraphDataSource.swift in Sources */,
			);
			runOnlyForDeploymentPostprocessing = 0;
		};
/* End PBXSourcesBuildPhase section */

/* Begin PBXVariantGroup section */
		2FBE6B4E20E4F6E2008DCF6C /* LaunchScreen.storyboard */ = {
			isa = PBXVariantGroup;
			children = (
				2FBE6B4F20E4F6E2008DCF6C /* Base */,
			);
			name = LaunchScreen.storyboard;
			sourceTree = "<group>";
		};
/* End PBXVariantGroup section */

/* Begin XCBuildConfiguration section */
		2FBE6B5220E4F6E2008DCF6C /* Debug */ = {
			isa = XCBuildConfiguration;
			buildSettings = {
				ALWAYS_SEARCH_USER_PATHS = NO;
				CLANG_ANALYZER_NONNULL = YES;
				CLANG_ANALYZER_NUMBER_OBJECT_CONVERSION = YES_AGGRESSIVE;
				CLANG_CXX_LANGUAGE_STANDARD = "gnu++14";
				CLANG_CXX_LIBRARY = "libc++";
				CLANG_ENABLE_MODULES = YES;
				CLANG_ENABLE_OBJC_ARC = YES;
				CLANG_ENABLE_OBJC_WEAK = YES;
				CLANG_WARN_BLOCK_CAPTURE_AUTORELEASING = YES;
				CLANG_WARN_BOOL_CONVERSION = YES;
				CLANG_WARN_COMMA = YES;
				CLANG_WARN_CONSTANT_CONVERSION = YES;
				CLANG_WARN_DEPRECATED_OBJC_IMPLEMENTATIONS = YES;
				CLANG_WARN_DIRECT_OBJC_ISA_USAGE = YES_ERROR;
				CLANG_WARN_DOCUMENTATION_COMMENTS = YES;
				CLANG_WARN_EMPTY_BODY = YES;
				CLANG_WARN_ENUM_CONVERSION = YES;
				CLANG_WARN_INFINITE_RECURSION = YES;
				CLANG_WARN_INT_CONVERSION = YES;
				CLANG_WARN_NON_LITERAL_NULL_CONVERSION = YES;
				CLANG_WARN_OBJC_IMPLICIT_RETAIN_SELF = YES;
				CLANG_WARN_OBJC_LITERAL_CONVERSION = YES;
				CLANG_WARN_OBJC_ROOT_CLASS = YES_ERROR;
				CLANG_WARN_RANGE_LOOP_ANALYSIS = YES;
				CLANG_WARN_STRICT_PROTOTYPES = YES;
				CLANG_WARN_SUSPICIOUS_MOVE = YES;
				CLANG_WARN_UNGUARDED_AVAILABILITY = YES_AGGRESSIVE;
				CLANG_WARN_UNREACHABLE_CODE = YES;
				CLANG_WARN__DUPLICATE_METHOD_MATCH = YES;
				CODE_SIGN_IDENTITY = "iPhone Developer";
				COPY_PHASE_STRIP = NO;
				DEBUG_INFORMATION_FORMAT = dwarf;
				ENABLE_STRICT_OBJC_MSGSEND = YES;
				ENABLE_TESTABILITY = YES;
				GCC_C_LANGUAGE_STANDARD = gnu11;
				GCC_DYNAMIC_NO_PIC = NO;
				GCC_NO_COMMON_BLOCKS = YES;
				GCC_OPTIMIZATION_LEVEL = 0;
				GCC_PREPROCESSOR_DEFINITIONS = (
					"DEBUG=1",
					"$(inherited)",
				);
				GCC_WARN_64_TO_32_BIT_CONVERSION = YES;
				GCC_WARN_ABOUT_RETURN_TYPE = YES_ERROR;
				GCC_WARN_UNDECLARED_SELECTOR = YES;
				GCC_WARN_UNINITIALIZED_AUTOS = YES_AGGRESSIVE;
				GCC_WARN_UNUSED_FUNCTION = YES;
				GCC_WARN_UNUSED_VARIABLE = YES;
				IPHONEOS_DEPLOYMENT_TARGET = 11.4;
				MTL_ENABLE_DEBUG_INFO = YES;
				ONLY_ACTIVE_ARCH = YES;
				SDKROOT = iphoneos;
				SWIFT_ACTIVE_COMPILATION_CONDITIONS = DEBUG;
				SWIFT_OPTIMIZATION_LEVEL = "-Onone";
			};
			name = Debug;
		};
		2FBE6B5320E4F6E2008DCF6C /* Release */ = {
			isa = XCBuildConfiguration;
			buildSettings = {
				ALWAYS_SEARCH_USER_PATHS = NO;
				CLANG_ANALYZER_NONNULL = YES;
				CLANG_ANALYZER_NUMBER_OBJECT_CONVERSION = YES_AGGRESSIVE;
				CLANG_CXX_LANGUAGE_STANDARD = "gnu++14";
				CLANG_CXX_LIBRARY = "libc++";
				CLANG_ENABLE_MODULES = YES;
				CLANG_ENABLE_OBJC_ARC = YES;
				CLANG_ENABLE_OBJC_WEAK = YES;
				CLANG_WARN_BLOCK_CAPTURE_AUTORELEASING = YES;
				CLANG_WARN_BOOL_CONVERSION = YES;
				CLANG_WARN_COMMA = YES;
				CLANG_WARN_CONSTANT_CONVERSION = YES;
				CLANG_WARN_DEPRECATED_OBJC_IMPLEMENTATIONS = YES;
				CLANG_WARN_DIRECT_OBJC_ISA_USAGE = YES_ERROR;
				CLANG_WARN_DOCUMENTATION_COMMENTS = YES;
				CLANG_WARN_EMPTY_BODY = YES;
				CLANG_WARN_ENUM_CONVERSION = YES;
				CLANG_WARN_INFINITE_RECURSION = YES;
				CLANG_WARN_INT_CONVERSION = YES;
				CLANG_WARN_NON_LITERAL_NULL_CONVERSION = YES;
				CLANG_WARN_OBJC_IMPLICIT_RETAIN_SELF = YES;
				CLANG_WARN_OBJC_LITERAL_CONVERSION = YES;
				CLANG_WARN_OBJC_ROOT_CLASS = YES_ERROR;
				CLANG_WARN_RANGE_LOOP_ANALYSIS = YES;
				CLANG_WARN_STRICT_PROTOTYPES = YES;
				CLANG_WARN_SUSPICIOUS_MOVE = YES;
				CLANG_WARN_UNGUARDED_AVAILABILITY = YES_AGGRESSIVE;
				CLANG_WARN_UNREACHABLE_CODE = YES;
				CLANG_WARN__DUPLICATE_METHOD_MATCH = YES;
				CODE_SIGN_IDENTITY = "iPhone Developer";
				COPY_PHASE_STRIP = NO;
				DEBUG_INFORMATION_FORMAT = "dwarf-with-dsym";
				ENABLE_NS_ASSERTIONS = NO;
				ENABLE_STRICT_OBJC_MSGSEND = YES;
				GCC_C_LANGUAGE_STANDARD = gnu11;
				GCC_NO_COMMON_BLOCKS = YES;
				GCC_WARN_64_TO_32_BIT_CONVERSION = YES;
				GCC_WARN_ABOUT_RETURN_TYPE = YES_ERROR;
				GCC_WARN_UNDECLARED_SELECTOR = YES;
				GCC_WARN_UNINITIALIZED_AUTOS = YES_AGGRESSIVE;
				GCC_WARN_UNUSED_FUNCTION = YES;
				GCC_WARN_UNUSED_VARIABLE = YES;
				IPHONEOS_DEPLOYMENT_TARGET = 11.4;
				MTL_ENABLE_DEBUG_INFO = NO;
				SDKROOT = iphoneos;
				SWIFT_COMPILATION_MODE = wholemodule;
				SWIFT_OPTIMIZATION_LEVEL = "-O";
				VALIDATE_PRODUCT = YES;
			};
			name = Release;
		};
		2FBE6B5520E4F6E2008DCF6C /* Debug */ = {
			isa = XCBuildConfiguration;
			baseConfigurationReference = 8C46CBF5F62B51EB2EB98986 /* Pods-MyFirstIOSProject.debug.xcconfig */;
			buildSettings = {
				ASSETCATALOG_COMPILER_APPICON_NAME = AppIcon;
				CODE_SIGN_STYLE = Automatic;
				DEVELOPMENT_TEAM = 6NE3U3D2HE;
				INFOPLIST_FILE = MyFirstIOSProject/Info.plist;
				LD_RUNPATH_SEARCH_PATHS = (
					"$(inherited)",
					"@executable_path/Frameworks",
				);
				PRODUCT_BUNDLE_IDENTIFIER = com.kirilenko.MyFirstIOSProject;
				PRODUCT_NAME = "$(TARGET_NAME)";
				SWIFT_VERSION = 4.0;
				TARGETED_DEVICE_FAMILY = "1,2";
			};
			name = Debug;
		};
		2FBE6B5620E4F6E2008DCF6C /* Release */ = {
			isa = XCBuildConfiguration;
			baseConfigurationReference = 7BD4326E3BDFC8ABAF193862 /* Pods-MyFirstIOSProject.release.xcconfig */;
			buildSettings = {
				ASSETCATALOG_COMPILER_APPICON_NAME = AppIcon;
				CODE_SIGN_STYLE = Automatic;
				DEVELOPMENT_TEAM = 6NE3U3D2HE;
				INFOPLIST_FILE = MyFirstIOSProject/Info.plist;
				LD_RUNPATH_SEARCH_PATHS = (
					"$(inherited)",
					"@executable_path/Frameworks",
				);
				PRODUCT_BUNDLE_IDENTIFIER = com.kirilenko.MyFirstIOSProject;
				PRODUCT_NAME = "$(TARGET_NAME)";
				SWIFT_VERSION = 4.0;
				TARGETED_DEVICE_FAMILY = "1,2";
			};
			name = Release;
		};
/* End XCBuildConfiguration section */

/* Begin XCConfigurationList section */
		2FBE6B3D20E4F6E0008DCF6C /* Build configuration list for PBXProject "MyFirstIOSProject" */ = {
			isa = XCConfigurationList;
			buildConfigurations = (
				2FBE6B5220E4F6E2008DCF6C /* Debug */,
				2FBE6B5320E4F6E2008DCF6C /* Release */,
			);
			defaultConfigurationIsVisible = 0;
			defaultConfigurationName = Release;
		};
		2FBE6B5420E4F6E2008DCF6C /* Build configuration list for PBXNativeTarget "MyFirstIOSProject" */ = {
			isa = XCConfigurationList;
			buildConfigurations = (
				2FBE6B5520E4F6E2008DCF6C /* Debug */,
				2FBE6B5620E4F6E2008DCF6C /* Release */,
			);
			defaultConfigurationIsVisible = 0;
			defaultConfigurationName = Release;
		};
/* End XCConfigurationList section */
	};
	rootObject = 2FBE6B3A20E4F6E0008DCF6C /* Project object */;
}
